// !$*UTF8*$!
{
	archiveVersion = 1;
	classes = {
	};
	objectVersion = 51;
	objects = {

/* Begin PBXBuildFile section */
		D62BA848EBA9F582B410178A /* Pods_What3KeywordsTests.framework in Frameworks */ = {isa = PBXBuildFile; fileRef = AACAC48ADEF3E8370B147D4C /* Pods_What3KeywordsTests.framework */; };
		E6134CE9246D93E800B938E2 /* AppDelegate.swift in Sources */ = {isa = PBXBuildFile; fileRef = E6134CE8246D93E800B938E2 /* AppDelegate.swift */; };
		E6134CEB246D93E800B938E2 /* SceneDelegate.swift in Sources */ = {isa = PBXBuildFile; fileRef = E6134CEA246D93E800B938E2 /* SceneDelegate.swift */; };
		E6134CED246D93E800B938E2 /* ViewController.swift in Sources */ = {isa = PBXBuildFile; fileRef = E6134CEC246D93E800B938E2 /* ViewController.swift */; };
		E6134CF0246D93E800B938E2 /* Main.storyboard in Resources */ = {isa = PBXBuildFile; fileRef = E6134CEE246D93E800B938E2 /* Main.storyboard */; };
		E6134CF2246D93E900B938E2 /* Assets.xcassets in Resources */ = {isa = PBXBuildFile; fileRef = E6134CF1246D93E900B938E2 /* Assets.xcassets */; };
		E6134CF5246D93E900B938E2 /* LaunchScreen.storyboard in Resources */ = {isa = PBXBuildFile; fileRef = E6134CF3246D93E900B938E2 /* LaunchScreen.storyboard */; };
		E6134D00246D93EA00B938E2 /* What3KeywordsTests.swift in Sources */ = {isa = PBXBuildFile; fileRef = E6134CFF246D93EA00B938E2 /* What3KeywordsTests.swift */; };
		E6B2A8C5248000F20081E67E /* WritingThumbnailCell.swift in Sources */ = {isa = PBXBuildFile; fileRef = E6B2A8C4248000F20081E67E /* WritingThumbnailCell.swift */; };
		E6B2A8C82480062C0081E67E /* UIView+.swift in Sources */ = {isa = PBXBuildFile; fileRef = E6B2A8C72480062C0081E67E /* UIView+.swift */; };
		E6B2A8CB248321FF0081E67E /* Writing.swift in Sources */ = {isa = PBXBuildFile; fileRef = E6B2A8CA248321FF0081E67E /* Writing.swift */; };
		E6B2A8CD248322C60081E67E /* WritingListController.swift in Sources */ = {isa = PBXBuildFile; fileRef = E6B2A8CC248322C60081E67E /* WritingListController.swift */; };
		E6B2A8CF24832ECB0081E67E /* WritingListViewModel.swift in Sources */ = {isa = PBXBuildFile; fileRef = E6B2A8CE24832ECB0081E67E /* WritingListViewModel.swift */; };
		E6B2A8D1248347050081E67E /* WritingViewModel.swift in Sources */ = {isa = PBXBuildFile; fileRef = E6B2A8D0248347050081E67E /* WritingViewModel.swift */; };
		F210840C3CD0E2F4A96B68E7 /* Pods_What3Keywords.framework in Frameworks */ = {isa = PBXBuildFile; fileRef = AFF0849661F16F9E6619C4EA /* Pods_What3Keywords.framework */; };
/* End PBXBuildFile section */

/* Begin PBXContainerItemProxy section */
		E6134CFC246D93EA00B938E2 /* PBXContainerItemProxy */ = {
			isa = PBXContainerItemProxy;
			containerPortal = E6134CDD246D93E800B938E2 /* Project object */;
			proxyType = 1;
			remoteGlobalIDString = E6134CE4246D93E800B938E2;
			remoteInfo = What3Keywords;
		};
/* End PBXContainerItemProxy section */

/* Begin PBXFileReference section */
		60763C112656347AB6CB9A33 /* Pods-What3KeywordsTests.release.xcconfig */ = {isa = PBXFileReference; includeInIndex = 1; lastKnownFileType = text.xcconfig; name = "Pods-What3KeywordsTests.release.xcconfig"; path = "Target Support Files/Pods-What3KeywordsTests/Pods-What3KeywordsTests.release.xcconfig"; sourceTree = "<group>"; };
		79BF9736C9C21BF9E160B060 /* Pods-What3KeywordsTests.debug.xcconfig */ = {isa = PBXFileReference; includeInIndex = 1; lastKnownFileType = text.xcconfig; name = "Pods-What3KeywordsTests.debug.xcconfig"; path = "Target Support Files/Pods-What3KeywordsTests/Pods-What3KeywordsTests.debug.xcconfig"; sourceTree = "<group>"; };
		91B9DF42C36AB1760E900319 /* Pods-What3Keywords.release.xcconfig */ = {isa = PBXFileReference; includeInIndex = 1; lastKnownFileType = text.xcconfig; name = "Pods-What3Keywords.release.xcconfig"; path = "Target Support Files/Pods-What3Keywords/Pods-What3Keywords.release.xcconfig"; sourceTree = "<group>"; };
		AACAC48ADEF3E8370B147D4C /* Pods_What3KeywordsTests.framework */ = {isa = PBXFileReference; explicitFileType = wrapper.framework; includeInIndex = 0; path = Pods_What3KeywordsTests.framework; sourceTree = BUILT_PRODUCTS_DIR; };
		AFF0849661F16F9E6619C4EA /* Pods_What3Keywords.framework */ = {isa = PBXFileReference; explicitFileType = wrapper.framework; includeInIndex = 0; path = Pods_What3Keywords.framework; sourceTree = BUILT_PRODUCTS_DIR; };
		D69DDECB7DD2D5F9B08BC3DD /* Pods-What3Keywords.debug.xcconfig */ = {isa = PBXFileReference; includeInIndex = 1; lastKnownFileType = text.xcconfig; name = "Pods-What3Keywords.debug.xcconfig"; path = "Target Support Files/Pods-What3Keywords/Pods-What3Keywords.debug.xcconfig"; sourceTree = "<group>"; };
		E6134CE5246D93E800B938E2 /* What3Keywords.app */ = {isa = PBXFileReference; explicitFileType = wrapper.application; includeInIndex = 0; path = What3Keywords.app; sourceTree = BUILT_PRODUCTS_DIR; };
		E6134CE8246D93E800B938E2 /* AppDelegate.swift */ = {isa = PBXFileReference; lastKnownFileType = sourcecode.swift; path = AppDelegate.swift; sourceTree = "<group>"; };
		E6134CEA246D93E800B938E2 /* SceneDelegate.swift */ = {isa = PBXFileReference; lastKnownFileType = sourcecode.swift; path = SceneDelegate.swift; sourceTree = "<group>"; };
		E6134CEC246D93E800B938E2 /* ViewController.swift */ = {isa = PBXFileReference; lastKnownFileType = sourcecode.swift; path = ViewController.swift; sourceTree = "<group>"; };
		E6134CEF246D93E800B938E2 /* Base */ = {isa = PBXFileReference; lastKnownFileType = file.storyboard; name = Base; path = Base.lproj/Main.storyboard; sourceTree = "<group>"; };
		E6134CF1246D93E900B938E2 /* Assets.xcassets */ = {isa = PBXFileReference; lastKnownFileType = folder.assetcatalog; path = Assets.xcassets; sourceTree = "<group>"; };
		E6134CF4246D93E900B938E2 /* Base */ = {isa = PBXFileReference; lastKnownFileType = file.storyboard; name = Base; path = Base.lproj/LaunchScreen.storyboard; sourceTree = "<group>"; };
		E6134CF6246D93E900B938E2 /* Info.plist */ = {isa = PBXFileReference; lastKnownFileType = text.plist.xml; path = Info.plist; sourceTree = "<group>"; };
		E6134CFB246D93EA00B938E2 /* What3KeywordsTests.xctest */ = {isa = PBXFileReference; explicitFileType = wrapper.cfbundle; includeInIndex = 0; path = What3KeywordsTests.xctest; sourceTree = BUILT_PRODUCTS_DIR; };
		E6134CFF246D93EA00B938E2 /* What3KeywordsTests.swift */ = {isa = PBXFileReference; lastKnownFileType = sourcecode.swift; path = What3KeywordsTests.swift; sourceTree = "<group>"; };
		E6134D01246D93EA00B938E2 /* Info.plist */ = {isa = PBXFileReference; lastKnownFileType = text.plist.xml; path = Info.plist; sourceTree = "<group>"; };
		E6B2A8C4248000F20081E67E /* WritingThumbnailCell.swift */ = {isa = PBXFileReference; lastKnownFileType = sourcecode.swift; path = WritingThumbnailCell.swift; sourceTree = "<group>"; };
		E6B2A8C72480062C0081E67E /* UIView+.swift */ = {isa = PBXFileReference; lastKnownFileType = sourcecode.swift; path = "UIView+.swift"; sourceTree = "<group>"; };
		E6B2A8CA248321FF0081E67E /* Writing.swift */ = {isa = PBXFileReference; lastKnownFileType = sourcecode.swift; path = Writing.swift; sourceTree = "<group>"; };
		E6B2A8CC248322C60081E67E /* WritingListController.swift */ = {isa = PBXFileReference; lastKnownFileType = sourcecode.swift; path = WritingListController.swift; sourceTree = "<group>"; };
		E6B2A8CE24832ECB0081E67E /* WritingListViewModel.swift */ = {isa = PBXFileReference; lastKnownFileType = sourcecode.swift; path = WritingListViewModel.swift; sourceTree = "<group>"; };
		E6B2A8D0248347050081E67E /* WritingViewModel.swift */ = {isa = PBXFileReference; lastKnownFileType = sourcecode.swift; path = WritingViewModel.swift; sourceTree = "<group>"; };
/* End PBXFileReference section */

/* Begin PBXFrameworksBuildPhase section */
		E6134CE2246D93E800B938E2 /* Frameworks */ = {
			isa = PBXFrameworksBuildPhase;
			buildActionMask = 2147483647;
			files = (
				F210840C3CD0E2F4A96B68E7 /* Pods_What3Keywords.framework in Frameworks */,
			);
			runOnlyForDeploymentPostprocessing = 0;
		};
		E6134CF8246D93EA00B938E2 /* Frameworks */ = {
			isa = PBXFrameworksBuildPhase;
			buildActionMask = 2147483647;
			files = (
				D62BA848EBA9F582B410178A /* Pods_What3KeywordsTests.framework in Frameworks */,
			);
			runOnlyForDeploymentPostprocessing = 0;
		};
/* End PBXFrameworksBuildPhase section */

/* Begin PBXGroup section */
		BF33777F9A65336AD60902D4 /* Frameworks */ = {
			isa = PBXGroup;
			children = (
				AFF0849661F16F9E6619C4EA /* Pods_What3Keywords.framework */,
				AACAC48ADEF3E8370B147D4C /* Pods_What3KeywordsTests.framework */,
			);
			name = Frameworks;
			sourceTree = "<group>";
		};
		E6134CDC246D93E800B938E2 = {
			isa = PBXGroup;
			children = (
				E6134CE7246D93E800B938E2 /* What3Keywords */,
				E6134CFE246D93EA00B938E2 /* What3KeywordsTests */,
				E6134CE6246D93E800B938E2 /* Products */,
				EA7630C594689A703659B447 /* Pods */,
				BF33777F9A65336AD60902D4 /* Frameworks */,
			);
			sourceTree = "<group>";
		};
		E6134CE6246D93E800B938E2 /* Products */ = {
			isa = PBXGroup;
			children = (
				E6134CE5246D93E800B938E2 /* What3Keywords.app */,
				E6134CFB246D93EA00B938E2 /* What3KeywordsTests.xctest */,
			);
			name = Products;
			sourceTree = "<group>";
		};
		E6134CE7246D93E800B938E2 /* What3Keywords */ = {
			isa = PBXGroup;
			children = (
				E6134CE8246D93E800B938E2 /* AppDelegate.swift */,
				E6B2A8C62480061D0081E67E /* Extension */,
				E6134CEA246D93E800B938E2 /* SceneDelegate.swift */,
				E6134CEC246D93E800B938E2 /* ViewController.swift */,
				E6134CEE246D93E800B938E2 /* Main.storyboard */,
				E6B2A8C9248321F40081E67E /* Writing */,
				E6134CF1246D93E900B938E2 /* Assets.xcassets */,
				E6134CF3246D93E900B938E2 /* LaunchScreen.storyboard */,
				E6134CF6246D93E900B938E2 /* Info.plist */,
			);
			path = What3Keywords;
			sourceTree = "<group>";
		};
		E6134CFE246D93EA00B938E2 /* What3KeywordsTests */ = {
			isa = PBXGroup;
			children = (
				E6134CFF246D93EA00B938E2 /* What3KeywordsTests.swift */,
				E6134D01246D93EA00B938E2 /* Info.plist */,
			);
			path = What3KeywordsTests;
			sourceTree = "<group>";
		};
		E6B2A8C62480061D0081E67E /* Extension */ = {
			isa = PBXGroup;
			children = (
				E6B2A8C72480062C0081E67E /* UIView+.swift */,
			);
			path = Extension;
			sourceTree = "<group>";
		};
		E6B2A8C9248321F40081E67E /* Writing */ = {
			isa = PBXGroup;
			children = (
				E6B2A8C4248000F20081E67E /* WritingThumbnailCell.swift */,
				E6B2A8CA248321FF0081E67E /* Writing.swift */,
				E6B2A8D0248347050081E67E /* WritingViewModel.swift */,
				E6B2A8CC248322C60081E67E /* WritingListController.swift */,
				E6B2A8CE24832ECB0081E67E /* WritingListViewModel.swift */,
			);
			path = Writing;
			sourceTree = "<group>";
		};
		EA7630C594689A703659B447 /* Pods */ = {
			isa = PBXGroup;
			children = (
				D69DDECB7DD2D5F9B08BC3DD /* Pods-What3Keywords.debug.xcconfig */,
				91B9DF42C36AB1760E900319 /* Pods-What3Keywords.release.xcconfig */,
				79BF9736C9C21BF9E160B060 /* Pods-What3KeywordsTests.debug.xcconfig */,
				60763C112656347AB6CB9A33 /* Pods-What3KeywordsTests.release.xcconfig */,
			);
			path = Pods;
			sourceTree = "<group>";
		};
/* End PBXGroup section */

/* Begin PBXNativeTarget section */
		E6134CE4246D93E800B938E2 /* What3Keywords */ = {
			isa = PBXNativeTarget;
			buildConfigurationList = E6134D04246D93EA00B938E2 /* Build configuration list for PBXNativeTarget "What3Keywords" */;
			buildPhases = (
				C1EBDA20795A44749F899F5D /* [CP] Check Pods Manifest.lock */,
				E6134CE1246D93E800B938E2 /* Sources */,
				E6134CE2246D93E800B938E2 /* Frameworks */,
				E6134CE3246D93E800B938E2 /* Resources */,
				A60A67CB6982803CEFF19D7C /* [CP] Embed Pods Frameworks */,
			);
			buildRules = (
			);
			dependencies = (
			);
			name = What3Keywords;
			productName = What3Keywords;
			productReference = E6134CE5246D93E800B938E2 /* What3Keywords.app */;
			productType = "com.apple.product-type.application";
		};
		E6134CFA246D93EA00B938E2 /* What3KeywordsTests */ = {
			isa = PBXNativeTarget;
			buildConfigurationList = E6134D07246D93EA00B938E2 /* Build configuration list for PBXNativeTarget "What3KeywordsTests" */;
			buildPhases = (
				C6472CF518983429474044D0 /* [CP] Check Pods Manifest.lock */,
				E6134CF7246D93EA00B938E2 /* Sources */,
				E6134CF8246D93EA00B938E2 /* Frameworks */,
				E6134CF9246D93EA00B938E2 /* Resources */,
			);
			buildRules = (
			);
			dependencies = (
				E6134CFD246D93EA00B938E2 /* PBXTargetDependency */,
			);
			name = What3KeywordsTests;
			productName = What3KeywordsTests;
			productReference = E6134CFB246D93EA00B938E2 /* What3KeywordsTests.xctest */;
			productType = "com.apple.product-type.bundle.unit-test";
		};
/* End PBXNativeTarget section */

/* Begin PBXProject section */
		E6134CDD246D93E800B938E2 /* Project object */ = {
			isa = PBXProject;
			attributes = {
				LastSwiftUpdateCheck = 1140;
				LastUpgradeCheck = 1140;
				ORGANIZATIONNAME = "Yunsu Guk";
				TargetAttributes = {
					E6134CE4246D93E800B938E2 = {
						CreatedOnToolsVersion = 11.4.1;
					};
					E6134CFA246D93EA00B938E2 = {
						CreatedOnToolsVersion = 11.4.1;
						TestTargetID = E6134CE4246D93E800B938E2;
					};
				};
			};
			buildConfigurationList = E6134CE0246D93E800B938E2 /* Build configuration list for PBXProject "What3Keywords" */;
			compatibilityVersion = "Xcode 9.3";
			developmentRegion = en;
			hasScannedForEncodings = 0;
			knownRegions = (
				en,
				Base,
			);
			mainGroup = E6134CDC246D93E800B938E2;
			productRefGroup = E6134CE6246D93E800B938E2 /* Products */;
			projectDirPath = "";
			projectRoot = "";
			targets = (
				E6134CE4246D93E800B938E2 /* What3Keywords */,
				E6134CFA246D93EA00B938E2 /* What3KeywordsTests */,
			);
		};
/* End PBXProject section */

/* Begin PBXResourcesBuildPhase section */
		E6134CE3246D93E800B938E2 /* Resources */ = {
			isa = PBXResourcesBuildPhase;
			buildActionMask = 2147483647;
			files = (
				E6134CF5246D93E900B938E2 /* LaunchScreen.storyboard in Resources */,
				E6134CF2246D93E900B938E2 /* Assets.xcassets in Resources */,
				E6134CF0246D93E800B938E2 /* Main.storyboard in Resources */,
			);
			runOnlyForDeploymentPostprocessing = 0;
		};
		E6134CF9246D93EA00B938E2 /* Resources */ = {
			isa = PBXResourcesBuildPhase;
			buildActionMask = 2147483647;
			files = (
			);
			runOnlyForDeploymentPostprocessing = 0;
		};
/* End PBXResourcesBuildPhase section */

/* Begin PBXShellScriptBuildPhase section */
		A60A67CB6982803CEFF19D7C /* [CP] Embed Pods Frameworks */ = {
			isa = PBXShellScriptBuildPhase;
			buildActionMask = 2147483647;
			files = (
			);
			inputFileListPaths = (
				"${PODS_ROOT}/Target Support Files/Pods-What3Keywords/Pods-What3Keywords-frameworks-${CONFIGURATION}-input-files.xcfilelist",
			);
			name = "[CP] Embed Pods Frameworks";
			outputFileListPaths = (
				"${PODS_ROOT}/Target Support Files/Pods-What3Keywords/Pods-What3Keywords-frameworks-${CONFIGURATION}-output-files.xcfilelist",
			);
			runOnlyForDeploymentPostprocessing = 0;
			shellPath = /bin/sh;
			shellScript = "\"${PODS_ROOT}/Target Support Files/Pods-What3Keywords/Pods-What3Keywords-frameworks.sh\"\n";
			showEnvVarsInLog = 0;
		};
		C1EBDA20795A44749F899F5D /* [CP] Check Pods Manifest.lock */ = {
			isa = PBXShellScriptBuildPhase;
			buildActionMask = 2147483647;
			files = (
			);
			inputFileListPaths = (
			);
			inputPaths = (
				"${PODS_PODFILE_DIR_PATH}/Podfile.lock",
				"${PODS_ROOT}/Manifest.lock",
			);
			name = "[CP] Check Pods Manifest.lock";
			outputFileListPaths = (
			);
			outputPaths = (
				"$(DERIVED_FILE_DIR)/Pods-What3Keywords-checkManifestLockResult.txt",
			);
			runOnlyForDeploymentPostprocessing = 0;
			shellPath = /bin/sh;
			shellScript = "diff \"${PODS_PODFILE_DIR_PATH}/Podfile.lock\" \"${PODS_ROOT}/Manifest.lock\" > /dev/null\nif [ $? != 0 ] ; then\n    # print error to STDERR\n    echo \"error: The sandbox is not in sync with the Podfile.lock. Run 'pod install' or update your CocoaPods installation.\" >&2\n    exit 1\nfi\n# This output is used by Xcode 'outputs' to avoid re-running this script phase.\necho \"SUCCESS\" > \"${SCRIPT_OUTPUT_FILE_0}\"\n";
			showEnvVarsInLog = 0;
		};
		C6472CF518983429474044D0 /* [CP] Check Pods Manifest.lock */ = {
			isa = PBXShellScriptBuildPhase;
			buildActionMask = 2147483647;
			files = (
			);
			inputFileListPaths = (
			);
			inputPaths = (
				"${PODS_PODFILE_DIR_PATH}/Podfile.lock",
				"${PODS_ROOT}/Manifest.lock",
			);
			name = "[CP] Check Pods Manifest.lock";
			outputFileListPaths = (
			);
			outputPaths = (
				"$(DERIVED_FILE_DIR)/Pods-What3KeywordsTests-checkManifestLockResult.txt",
			);
			runOnlyForDeploymentPostprocessing = 0;
			shellPath = /bin/sh;
			shellScript = "diff \"${PODS_PODFILE_DIR_PATH}/Podfile.lock\" \"${PODS_ROOT}/Manifest.lock\" > /dev/null\nif [ $? != 0 ] ; then\n    # print error to STDERR\n    echo \"error: The sandbox is not in sync with the Podfile.lock. Run 'pod install' or update your CocoaPods installation.\" >&2\n    exit 1\nfi\n# This output is used by Xcode 'outputs' to avoid re-running this script phase.\necho \"SUCCESS\" > \"${SCRIPT_OUTPUT_FILE_0}\"\n";
			showEnvVarsInLog = 0;
		};
/* End PBXShellScriptBuildPhase section */

/* Begin PBXSourcesBuildPhase section */
		E6134CE1246D93E800B938E2 /* Sources */ = {
			isa = PBXSourcesBuildPhase;
			buildActionMask = 2147483647;
			files = (
				E6B2A8CB248321FF0081E67E /* Writing.swift in Sources */,
				E6B2A8CF24832ECB0081E67E /* WritingListViewModel.swift in Sources */,
				E6B2A8D1248347050081E67E /* WritingViewModel.swift in Sources */,
				E6B2A8CD248322C60081E67E /* WritingListController.swift in Sources */,
				E6134CED246D93E800B938E2 /* ViewController.swift in Sources */,
				E6B2A8C5248000F20081E67E /* WritingThumbnailCell.swift in Sources */,
				E6134CE9246D93E800B938E2 /* AppDelegate.swift in Sources */,
				E6134CEB246D93E800B938E2 /* SceneDelegate.swift in Sources */,
				E6B2A8C82480062C0081E67E /* UIView+.swift in Sources */,
			);
			runOnlyForDeploymentPostprocessing = 0;
		};
		E6134CF7246D93EA00B938E2 /* Sources */ = {
			isa = PBXSourcesBuildPhase;
			buildActionMask = 2147483647;
			files = (
				E6134D00246D93EA00B938E2 /* What3KeywordsTests.swift in Sources */,
			);
			runOnlyForDeploymentPostprocessing = 0;
		};
/* End PBXSourcesBuildPhase section */

/* Begin PBXTargetDependency section */
		E6134CFD246D93EA00B938E2 /* PBXTargetDependency */ = {
			isa = PBXTargetDependency;
			target = E6134CE4246D93E800B938E2 /* What3Keywords */;
			targetProxy = E6134CFC246D93EA00B938E2 /* PBXContainerItemProxy */;
		};
/* End PBXTargetDependency section */

/* Begin PBXVariantGroup section */
		E6134CEE246D93E800B938E2 /* Main.storyboard */ = {
			isa = PBXVariantGroup;
			children = (
				E6134CEF246D93E800B938E2 /* Base */,
			);
			name = Main.storyboard;
			sourceTree = "<group>";
		};
		E6134CF3246D93E900B938E2 /* LaunchScreen.storyboard */ = {
			isa = PBXVariantGroup;
			children = (
				E6134CF4246D93E900B938E2 /* Base */,
			);
			name = LaunchScreen.storyboard;
			sourceTree = "<group>";
		};
/* End PBXVariantGroup section */

/* Begin XCBuildConfiguration section */
		E6134D02246D93EA00B938E2 /* Debug */ = {
			isa = XCBuildConfiguration;
			buildSettings = {
				ALWAYS_SEARCH_USER_PATHS = NO;
				CLANG_ANALYZER_NONNULL = YES;
				CLANG_ANALYZER_NUMBER_OBJECT_CONVERSION = YES_AGGRESSIVE;
				CLANG_CXX_LANGUAGE_STANDARD = "gnu++14";
				CLANG_CXX_LIBRARY = "libc++";
				CLANG_ENABLE_MODULES = YES;
				CLANG_ENABLE_OBJC_ARC = YES;
				CLANG_ENABLE_OBJC_WEAK = YES;
				CLANG_WARN_BLOCK_CAPTURE_AUTORELEASING = YES;
				CLANG_WARN_BOOL_CONVERSION = YES;
				CLANG_WARN_COMMA = YES;
				CLANG_WARN_CONSTANT_CONVERSION = YES;
				CLANG_WARN_DEPRECATED_OBJC_IMPLEMENTATIONS = YES;
				CLANG_WARN_DIRECT_OBJC_ISA_USAGE = YES_ERROR;
				CLANG_WARN_DOCUMENTATION_COMMENTS = YES;
				CLANG_WARN_EMPTY_BODY = YES;
				CLANG_WARN_ENUM_CONVERSION = YES;
				CLANG_WARN_INFINITE_RECURSION = YES;
				CLANG_WARN_INT_CONVERSION = YES;
				CLANG_WARN_NON_LITERAL_NULL_CONVERSION = YES;
				CLANG_WARN_OBJC_IMPLICIT_RETAIN_SELF = YES;
				CLANG_WARN_OBJC_LITERAL_CONVERSION = YES;
				CLANG_WARN_OBJC_ROOT_CLASS = YES_ERROR;
				CLANG_WARN_RANGE_LOOP_ANALYSIS = YES;
				CLANG_WARN_STRICT_PROTOTYPES = YES;
				CLANG_WARN_SUSPICIOUS_MOVE = YES;
				CLANG_WARN_UNGUARDED_AVAILABILITY = YES_AGGRESSIVE;
				CLANG_WARN_UNREACHABLE_CODE = YES;
				CLANG_WARN__DUPLICATE_METHOD_MATCH = YES;
				COPY_PHASE_STRIP = NO;
				DEBUG_INFORMATION_FORMAT = dwarf;
				ENABLE_STRICT_OBJC_MSGSEND = YES;
				ENABLE_TESTABILITY = YES;
				GCC_C_LANGUAGE_STANDARD = gnu11;
				GCC_DYNAMIC_NO_PIC = NO;
				GCC_NO_COMMON_BLOCKS = YES;
				GCC_OPTIMIZATION_LEVEL = 0;
				GCC_PREPROCESSOR_DEFINITIONS = (
					"DEBUG=1",
					"$(inherited)",
				);
				GCC_WARN_64_TO_32_BIT_CONVERSION = YES;
				GCC_WARN_ABOUT_RETURN_TYPE = YES_ERROR;
				GCC_WARN_UNDECLARED_SELECTOR = YES;
				GCC_WARN_UNINITIALIZED_AUTOS = YES_AGGRESSIVE;
				GCC_WARN_UNUSED_FUNCTION = YES;
				GCC_WARN_UNUSED_VARIABLE = YES;
				IPHONEOS_DEPLOYMENT_TARGET = 13.4;
				MTL_ENABLE_DEBUG_INFO = INCLUDE_SOURCE;
				MTL_FAST_MATH = YES;
				ONLY_ACTIVE_ARCH = YES;
				SDKROOT = iphoneos;
				SWIFT_ACTIVE_COMPILATION_CONDITIONS = DEBUG;
				SWIFT_OPTIMIZATION_LEVEL = "-Onone";
			};
			name = Debug;
		};
		E6134D03246D93EA00B938E2 /* Release */ = {
			isa = XCBuildConfiguration;
			buildSettings = {
				ALWAYS_SEARCH_USER_PATHS = NO;
				CLANG_ANALYZER_NONNULL = YES;
				CLANG_ANALYZER_NUMBER_OBJECT_CONVERSION = YES_AGGRESSIVE;
				CLANG_CXX_LANGUAGE_STANDARD = "gnu++14";
				CLANG_CXX_LIBRARY = "libc++";
				CLANG_ENABLE_MODULES = YES;
				CLANG_ENABLE_OBJC_ARC = YES;
				CLANG_ENABLE_OBJC_WEAK = YES;
				CLANG_WARN_BLOCK_CAPTURE_AUTORELEASING = YES;
				CLANG_WARN_BOOL_CONVERSION = YES;
				CLANG_WARN_COMMA = YES;
				CLANG_WARN_CONSTANT_CONVERSION = YES;
				CLANG_WARN_DEPRECATED_OBJC_IMPLEMENTATIONS = YES;
				CLANG_WARN_DIRECT_OBJC_ISA_USAGE = YES_ERROR;
				CLANG_WARN_DOCUMENTATION_COMMENTS = YES;
				CLANG_WARN_EMPTY_BODY = YES;
				CLANG_WARN_ENUM_CONVERSION = YES;
				CLANG_WARN_INFINITE_RECURSION = YES;
				CLANG_WARN_INT_CONVERSION = YES;
				CLANG_WARN_NON_LITERAL_NULL_CONVERSION = YES;
				CLANG_WARN_OBJC_IMPLICIT_RETAIN_SELF = YES;
				CLANG_WARN_OBJC_LITERAL_CONVERSION = YES;
				CLANG_WARN_OBJC_ROOT_CLASS = YES_ERROR;
				CLANG_WARN_RANGE_LOOP_ANALYSIS = YES;
				CLANG_WARN_STRICT_PROTOTYPES = YES;
				CLANG_WARN_SUSPICIOUS_MOVE = YES;
				CLANG_WARN_UNGUARDED_AVAILABILITY = YES_AGGRESSIVE;
				CLANG_WARN_UNREACHABLE_CODE = YES;
				CLANG_WARN__DUPLICATE_METHOD_MATCH = YES;
				COPY_PHASE_STRIP = NO;
				DEBUG_INFORMATION_FORMAT = "dwarf-with-dsym";
				ENABLE_NS_ASSERTIONS = NO;
				ENABLE_STRICT_OBJC_MSGSEND = YES;
				GCC_C_LANGUAGE_STANDARD = gnu11;
				GCC_NO_COMMON_BLOCKS = YES;
				GCC_WARN_64_TO_32_BIT_CONVERSION = YES;
				GCC_WARN_ABOUT_RETURN_TYPE = YES_ERROR;
				GCC_WARN_UNDECLARED_SELECTOR = YES;
				GCC_WARN_UNINITIALIZED_AUTOS = YES_AGGRESSIVE;
				GCC_WARN_UNUSED_FUNCTION = YES;
				GCC_WARN_UNUSED_VARIABLE = YES;
				IPHONEOS_DEPLOYMENT_TARGET = 13.4;
				MTL_ENABLE_DEBUG_INFO = NO;
				MTL_FAST_MATH = YES;
				SDKROOT = iphoneos;
				SWIFT_COMPILATION_MODE = wholemodule;
				SWIFT_OPTIMIZATION_LEVEL = "-O";
				VALIDATE_PRODUCT = YES;
			};
			name = Release;
		};
		E6134D05246D93EA00B938E2 /* Debug */ = {
			isa = XCBuildConfiguration;
			baseConfigurationReference = D69DDECB7DD2D5F9B08BC3DD /* Pods-What3Keywords.debug.xcconfig */;
			buildSettings = {
				ASSETCATALOG_COMPILER_APPICON_NAME = AppIcon;
				CODE_SIGN_STYLE = Automatic;
				DEVELOPMENT_TEAM = 827YX997NH;
				INFOPLIST_FILE = What3Keywords/Info.plist;
				LD_RUNPATH_SEARCH_PATHS = (
					"$(inherited)",
					"@executable_path/Frameworks",
				);
				PRODUCT_BUNDLE_IDENTIFIER = com.krgoodnews.What3Keywords;
				PRODUCT_NAME = "$(TARGET_NAME)";
				SWIFT_VERSION = 5.0;
				TARGETED_DEVICE_FAMILY = "1,2";
			};
			name = Debug;
		};
		E6134D06246D93EA00B938E2 /* Release */ = {
			isa = XCBuildConfiguration;
			baseConfigurationReference = 91B9DF42C36AB1760E900319 /* Pods-What3Keywords.release.xcconfig */;
			buildSettings = {
				ASSETCATALOG_COMPILER_APPICON_NAME = AppIcon;
				CODE_SIGN_STYLE = Automatic;
				DEVELOPMENT_TEAM = 827YX997NH;
				INFOPLIST_FILE = What3Keywords/Info.plist;
				LD_RUNPATH_SEARCH_PATHS = (
					"$(inherited)",
					"@executable_path/Frameworks",
				);
				PRODUCT_BUNDLE_IDENTIFIER = com.krgoodnews.What3Keywords;
				PRODUCT_NAME = "$(TARGET_NAME)";
				SWIFT_VERSION = 5.0;
				TARGETED_DEVICE_FAMILY = "1,2";
			};
			name = Release;
		};
		E6134D08246D93EA00B938E2 /* Debug */ = {
			isa = XCBuildConfiguration;
			baseConfigurationReference = 79BF9736C9C21BF9E160B060 /* Pods-What3KeywordsTests.debug.xcconfig */;
			buildSettings = {
				ALWAYS_EMBED_SWIFT_STANDARD_LIBRARIES = YES;
				BUNDLE_LOADER = "$(TEST_HOST)";
				CODE_SIGN_STYLE = Automatic;
				DEVELOPMENT_TEAM = 827YX997NH;
				INFOPLIST_FILE = What3KeywordsTests/Info.plist;
				IPHONEOS_DEPLOYMENT_TARGET = 13.4;
				LD_RUNPATH_SEARCH_PATHS = (
					"$(inherited)",
					"@executable_path/Frameworks",
					"@loader_path/Frameworks",
				);
				PRODUCT_BUNDLE_IDENTIFIER = com.krgoodnews.What3KeywordsTests;
				PRODUCT_NAME = "$(TARGET_NAME)";
				SWIFT_VERSION = 5.0;
				TARGETED_DEVICE_FAMILY = "1,2";
				TEST_HOST = "$(BUILT_PRODUCTS_DIR)/What3Keywords.app/What3Keywords";
			};
			name = Debug;
		};
		E6134D09246D93EA00B938E2 /* Release */ = {
			isa = XCBuildConfiguration;
			baseConfigurationReference = 60763C112656347AB6CB9A33 /* Pods-What3KeywordsTests.release.xcconfig */;
			buildSettings = {
				ALWAYS_EMBED_SWIFT_STANDARD_LIBRARIES = YES;
				BUNDLE_LOADER = "$(TEST_HOST)";
				CODE_SIGN_STYLE = Automatic;
				DEVELOPMENT_TEAM = 827YX997NH;
				INFOPLIST_FILE = What3KeywordsTests/Info.plist;
				IPHONEOS_DEPLOYMENT_TARGET = 13.4;
				LD_RUNPATH_SEARCH_PATHS = (
					"$(inherited)",
					"@executable_path/Frameworks",
					"@loader_path/Frameworks",
				);
				PRODUCT_BUNDLE_IDENTIFIER = com.krgoodnews.What3KeywordsTests;
				PRODUCT_NAME = "$(TARGET_NAME)";
				SWIFT_VERSION = 5.0;
				TARGETED_DEVICE_FAMILY = "1,2";
				TEST_HOST = "$(BUILT_PRODUCTS_DIR)/What3Keywords.app/What3Keywords";
			};
			name = Release;
		};
/* End XCBuildConfiguration section */

/* Begin XCConfigurationList section */
		E6134CE0246D93E800B938E2 /* Build configuration list for PBXProject "What3Keywords" */ = {
			isa = XCConfigurationList;
			buildConfigurations = (
				E6134D02246D93EA00B938E2 /* Debug */,
				E6134D03246D93EA00B938E2 /* Release */,
			);
			defaultConfigurationIsVisible = 0;
			defaultConfigurationName = Release;
		};
		E6134D04246D93EA00B938E2 /* Build configuration list for PBXNativeTarget "What3Keywords" */ = {
			isa = XCConfigurationList;
			buildConfigurations = (
				E6134D05246D93EA00B938E2 /* Debug */,
				E6134D06246D93EA00B938E2 /* Release */,
			);
			defaultConfigurationIsVisible = 0;
			defaultConfigurationName = Release;
		};
		E6134D07246D93EA00B938E2 /* Build configuration list for PBXNativeTarget "What3KeywordsTests" */ = {
			isa = XCConfigurationList;
			buildConfigurations = (
				E6134D08246D93EA00B938E2 /* Debug */,
				E6134D09246D93EA00B938E2 /* Release */,
			);
			defaultConfigurationIsVisible = 0;
			defaultConfigurationName = Release;
		};
/* End XCConfigurationList section */
	};
	rootObject = E6134CDD246D93E800B938E2 /* Project object */;
}
